
Microsoft Visual Studio Solution File, Format Version 11.00
# Visual Studio 2010
Project("{FAE04EC0-301F-11D3-BF4B-00C04F79EFBC}") = "IAPDemo", "Assembly-CSharp-firstpass.csproj", "{78DE7086-24D0-043B-E8A6-89786E9DA69B}"
EndProject
Project("{FAE04EC0-301F-11D3-BF4B-00C04F79EFBC}") = "IAPDemo", "Assembly-CSharp-Editor-firstpass.csproj", "{EFDF2076-702B-D770-DD82-DC2AD63DC3B3}"
EndProject
Global
	GlobalSection(SolutionConfigurationPlatforms) = preSolution
		Debug|Any CPU = Debug|Any CPU
		Release|Any CPU = Release|Any CPU
	EndGlobalSection
	GlobalSection(ProjectConfigurationPlatforms) = postSolution
		{78DE7086-24D0-043B-E8A6-89786E9DA69B}.Debug|Any CPU.ActiveCfg = Debug|Any CPU
		{78DE7086-24D0-043B-E8A6-89786E9DA69B}.Debug|Any CPU.Build.0 = Debug|Any CPU
		{78DE7086-24D0-043B-E8A6-89786E9DA69B}.Release|Any CPU.ActiveCfg = Release|Any CPU
		{78DE7086-24D0-043B-E8A6-89786E9DA69B}.Release|Any CPU.Build.0 = Release|Any CPU
		{EFDF2076-702B-D770-DD82-DC2AD63DC3B3}.Debug|Any CPU.ActiveCfg = Debug|Any CPU
		{EFDF2076-702B-D770-DD82-DC2AD63DC3B3}.Debug|Any CPU.Build.0 = Debug|Any CPU
		{EFDF2076-702B-D770-DD82-DC2AD63DC3B3}.Release|Any CPU.ActiveCfg = Release|Any CPU
		{EFDF2076-702B-D770-DD82-DC2AD63DC3B3}.Release|Any CPU.Build.0 = Release|Any CPU
	EndGlobalSection
	GlobalSection(SolutionProperties) = preSolution
		HideSolutionNode = FALSE
	EndGlobalSection
	GlobalSection(MonoDevelopProperties) = preSolution
		StartupItem = Assembly-CSharp.csproj
	EndGlobalSection
EndGlobal
