
Microsoft Visual Studio Solution File, Format Version 11.00
# Visual Studio 2010
Project("{FAE04EC0-301F-11D3-BF4B-00C04F79EFBC}") = "201730b11", "Assembly-CSharp-firstpass.csproj", "{0F7C2E55-9B26-D81B-3373-C65825981951}"
EndProject
Project("{FAE04EC0-301F-11D3-BF4B-00C04F79EFBC}") = "201730b11", "Assembly-CSharp-Editor-firstpass.csproj", "{F9253F84-5BD3-630B-83DD-F49097925E71}"
EndProject
Global
	GlobalSection(SolutionConfigurationPlatforms) = preSolution
		Debug|Any CPU = Debug|Any CPU
		Release|Any CPU = Release|Any CPU
	EndGlobalSection
	GlobalSection(ProjectConfigurationPlatforms) = postSolution
		{0F7C2E55-9B26-D81B-3373-C65825981951}.Debug|Any CPU.ActiveCfg = Debug|Any CPU
		{0F7C2E55-9B26-D81B-3373-C65825981951}.Debug|Any CPU.Build.0 = Debug|Any CPU
		{0F7C2E55-9B26-D81B-3373-C65825981951}.Release|Any CPU.ActiveCfg = Release|Any CPU
		{0F7C2E55-9B26-D81B-3373-C65825981951}.Release|Any CPU.Build.0 = Release|Any CPU
		{F9253F84-5BD3-630B-83DD-F49097925E71}.Debug|Any CPU.ActiveCfg = Debug|Any CPU
		{F9253F84-5BD3-630B-83DD-F49097925E71}.Debug|Any CPU.Build.0 = Debug|Any CPU
		{F9253F84-5BD3-630B-83DD-F49097925E71}.Release|Any CPU.ActiveCfg = Release|Any CPU
		{F9253F84-5BD3-630B-83DD-F49097925E71}.Release|Any CPU.Build.0 = Release|Any CPU
	EndGlobalSection
	GlobalSection(SolutionProperties) = preSolution
		HideSolutionNode = FALSE
	EndGlobalSection
	GlobalSection(MonoDevelopProperties) = preSolution
		StartupItem = Assembly-CSharp.csproj
	EndGlobalSection
EndGlobal
