
Microsoft Visual Studio Solution File, Format Version 11.00
# Visual Studio 2010
Project("{FAE04EC0-301F-11D3-BF4B-00C04F79EFBC}") = "Unity201730f3", "Assembly-CSharp-firstpass.csproj", "{D1E809A0-4C0E-F7D7-E349-77F88B1C3BBA}"
EndProject
Project("{FAE04EC0-301F-11D3-BF4B-00C04F79EFBC}") = "Unity201730f3", "Assembly-CSharp-Editor-firstpass.csproj", "{CDAAEA25-05DE-83C4-ECA6-6E738D9E1D8F}"
EndProject
Global
	GlobalSection(SolutionConfigurationPlatforms) = preSolution
		Debug|Any CPU = Debug|Any CPU
		Release|Any CPU = Release|Any CPU
	EndGlobalSection
	GlobalSection(ProjectConfigurationPlatforms) = postSolution
		{D1E809A0-4C0E-F7D7-E349-77F88B1C3BBA}.Debug|Any CPU.ActiveCfg = Debug|Any CPU
		{D1E809A0-4C0E-F7D7-E349-77F88B1C3BBA}.Debug|Any CPU.Build.0 = Debug|Any CPU
		{D1E809A0-4C0E-F7D7-E349-77F88B1C3BBA}.Release|Any CPU.ActiveCfg = Release|Any CPU
		{D1E809A0-4C0E-F7D7-E349-77F88B1C3BBA}.Release|Any CPU.Build.0 = Release|Any CPU
		{CDAAEA25-05DE-83C4-ECA6-6E738D9E1D8F}.Debug|Any CPU.ActiveCfg = Debug|Any CPU
		{CDAAEA25-05DE-83C4-ECA6-6E738D9E1D8F}.Debug|Any CPU.Build.0 = Debug|Any CPU
		{CDAAEA25-05DE-83C4-ECA6-6E738D9E1D8F}.Release|Any CPU.ActiveCfg = Release|Any CPU
		{CDAAEA25-05DE-83C4-ECA6-6E738D9E1D8F}.Release|Any CPU.Build.0 = Release|Any CPU
	EndGlobalSection
	GlobalSection(SolutionProperties) = preSolution
		HideSolutionNode = FALSE
	EndGlobalSection
	GlobalSection(MonoDevelopProperties) = preSolution
		StartupItem = Assembly-CSharp.csproj
	EndGlobalSection
EndGlobal
